
Microsoft Visual Studio Solution File, Format Version 12.00
# Visual Studio Version 16
VisualStudioVersion = 16.0.30804.86
MinimumVisualStudioVersion = 10.0.40219.1
Project("{9A19103F-16F7-4668-BE54-9A1E7A4F7556}") = "Entities", "Entities\Entities.csproj", "{A8E31A4F-9A10-41BC-97D2-DD5E80613CA6}"
EndProject
Project("{9A19103F-16F7-4668-BE54-9A1E7A4F7556}") = "DataAccess", "DataAccess\DataAccess.csproj", "{A7A31EDD-4381-47B0-A53E-951B08B7C845}"
EndProject
Project("{9A19103F-16F7-4668-BE54-9A1E7A4F7556}") = "Business", "Business\Business.csproj", "{03373748-DB3E-455D-8BBE-E65E3349EC2B}"
EndProject
Project("{9A19103F-16F7-4668-BE54-9A1E7A4F7556}") = "ConsoleUI", "ConsoleUI\ConsoleUI.csproj", "{D7E3ECAC-EA09-43C1-BA6E-FA91F516D5FE}"
EndProject
Project("{FAE04EC0-301F-11D3-BF4B-00C04F79EFBC}") = "Core", "Core\Core.csproj", "{E9CC8B05-5D37-4FD6-8D68-EFE983ED91C4}"
EndProject
Global
	GlobalSection(SolutionConfigurationPlatforms) = preSolution
		Debug|Any CPU = Debug|Any CPU
		Release|Any CPU = Release|Any CPU
	EndGlobalSection
	GlobalSection(ProjectConfigurationPlatforms) = postSolution
		{A8E31A4F-9A10-41BC-97D2-DD5E80613CA6}.Debug|Any CPU.ActiveCfg = Debug|Any CPU
		{A8E31A4F-9A10-41BC-97D2-DD5E80613CA6}.Debug|Any CPU.Build.0 = Debug|Any CPU
		{A8E31A4F-9A10-41BC-97D2-DD5E80613CA6}.Release|Any CPU.ActiveCfg = Release|Any CPU
		{A8E31A4F-9A10-41BC-97D2-DD5E80613CA6}.Release|Any CPU.Build.0 = Release|Any CPU
		{A7A31EDD-4381-47B0-A53E-951B08B7C845}.Debug|Any CPU.ActiveCfg = Debug|Any CPU
		{A7A31EDD-4381-47B0-A53E-951B08B7C845}.Debug|Any CPU.Build.0 = Debug|Any CPU
		{A7A31EDD-4381-47B0-A53E-951B08B7C845}.Release|Any CPU.ActiveCfg = Release|Any CPU
		{A7A31EDD-4381-47B0-A53E-951B08B7C845}.Release|Any CPU.Build.0 = Release|Any CPU
		{03373748-DB3E-455D-8BBE-E65E3349EC2B}.Debug|Any CPU.ActiveCfg = Debug|Any CPU
		{03373748-DB3E-455D-8BBE-E65E3349EC2B}.Debug|Any CPU.Build.0 = Debug|Any CPU
		{03373748-DB3E-455D-8BBE-E65E3349EC2B}.Release|Any CPU.ActiveCfg = Release|Any CPU
		{03373748-DB3E-455D-8BBE-E65E3349EC2B}.Release|Any CPU.Build.0 = Release|Any CPU
		{D7E3ECAC-EA09-43C1-BA6E-FA91F516D5FE}.Debug|Any CPU.ActiveCfg = Debug|Any CPU
		{D7E3ECAC-EA09-43C1-BA6E-FA91F516D5FE}.Debug|Any CPU.Build.0 = Debug|Any CPU
		{D7E3ECAC-EA09-43C1-BA6E-FA91F516D5FE}.Release|Any CPU.ActiveCfg = Release|Any CPU
		{D7E3ECAC-EA09-43C1-BA6E-FA91F516D5FE}.Release|Any CPU.Build.0 = Release|Any CPU
		{E9CC8B05-5D37-4FD6-8D68-EFE983ED91C4}.Debug|Any CPU.ActiveCfg = Debug|Any CPU
		{E9CC8B05-5D37-4FD6-8D68-EFE983ED91C4}.Debug|Any CPU.Build.0 = Debug|Any CPU
		{E9CC8B05-5D37-4FD6-8D68-EFE983ED91C4}.Release|Any CPU.ActiveCfg = Release|Any CPU
		{E9CC8B05-5D37-4FD6-8D68-EFE983ED91C4}.Release|Any CPU.Build.0 = Release|Any CPU
	EndGlobalSection
	GlobalSection(SolutionProperties) = preSolution
		HideSolutionNode = FALSE
	EndGlobalSection
	GlobalSection(ExtensibilityGlobals) = postSolution
		SolutionGuid = {02596542-6C53-477D-BFB7-99A7D91282F9}
	EndGlobalSection
EndGlobal
